
Microsoft Visual Studio Solution File, Format Version 12.00
# Visual Studio Version 17
VisualStudioVersion = 17.2.32630.192
MinimumVisualStudioVersion = 10.0.40219.1
Project("{FAE04EC0-301F-11D3-BF4B-00C04F79EFBC}") = "sample_wpf_window_scrollbar_auto", "sample_wpf_window_scrollbar_auto\sample_wpf_window_scrollbar_auto.csproj", "{F9FCB146-8B0C-436B-AA20-7DE8F3B1C803}"
EndProject
Global
	GlobalSection(SolutionConfigurationPlatforms) = preSolution
		Debug|Any CPU = Debug|Any CPU
		Release|Any CPU = Release|Any CPU
	EndGlobalSection
	GlobalSection(ProjectConfigurationPlatforms) = postSolution
		{F9FCB146-8B0C-436B-AA20-7DE8F3B1C803}.Debug|Any CPU.ActiveCfg = Debug|Any CPU
		{F9FCB146-8B0C-436B-AA20-7DE8F3B1C803}.Debug|Any CPU.Build.0 = Debug|Any CPU
		{F9FCB146-8B0C-436B-AA20-7DE8F3B1C803}.Release|Any CPU.ActiveCfg = Release|Any CPU
		{F9FCB146-8B0C-436B-AA20-7DE8F3B1C803}.Release|Any CPU.Build.0 = Release|Any CPU
	EndGlobalSection
	GlobalSection(SolutionProperties) = preSolution
		HideSolutionNode = FALSE
	EndGlobalSection
	GlobalSection(ExtensibilityGlobals) = postSolution
		SolutionGuid = {6A8869C3-4838-4E34-BD71-643915521F2B}
	EndGlobalSection
EndGlobal
